
Microsoft Visual Studio Solution File, Format Version 12.00
# Visual Studio Version 16
VisualStudioVersion = 16.0.28729.10
MinimumVisualStudioVersion = 10.0.40219.1
Project("{FAE04EC0-301F-11D3-BF4B-00C04F79EFBC}") = "WeatherApp", "WeatherApp.csproj", "{9E16FCAB-536D-4E6F-9290-12AC04C30EC0}"
EndProject
Global
	GlobalSection(SolutionConfigurationPlatforms) = preSolution
		Debug|Any CPU = Debug|Any CPU
		Release|Any CPU = Release|Any CPU
	EndGlobalSection
	GlobalSection(ProjectConfigurationPlatforms) = postSolution
		{9E16FCAB-536D-4E6F-9290-12AC04C30EC0}.Debug|Any CPU.ActiveCfg = Debug|Any CPU
		{9E16FCAB-536D-4E6F-9290-12AC04C30EC0}.Debug|Any CPU.Build.0 = Debug|Any CPU
		{9E16FCAB-536D-4E6F-9290-12AC04C30EC0}.Release|Any CPU.ActiveCfg = Release|Any CPU
		{9E16FCAB-536D-4E6F-9290-12AC04C30EC0}.Release|Any CPU.Build.0 = Release|Any CPU
	EndGlobalSection
	GlobalSection(SolutionProperties) = preSolution
		HideSolutionNode = FALSE
	EndGlobalSection
	GlobalSection(ExtensibilityGlobals) = postSolution
		SolutionGuid = {4BE5A1BD-ECA3-4346-85CF-F2F9833AB21B}
	EndGlobalSection
EndGlobal
